// !$*UTF8*$!
{
	archiveVersion = 1;
	classes = {
	};
	objectVersion = 55;
	objects = {

/* Begin PBXBuildFile section */
		0449E9252819874100331013 /* AppDelegate.swift in Sources */ = {isa = PBXBuildFile; fileRef = 0449E9242819874100331013 /* AppDelegate.swift */; };
		0449E9272819874100331013 /* SceneDelegate.swift in Sources */ = {isa = PBXBuildFile; fileRef = 0449E9262819874100331013 /* SceneDelegate.swift */; };
		0449E9292819874100331013 /* ViewController.swift in Sources */ = {isa = PBXBuildFile; fileRef = 0449E9282819874100331013 /* ViewController.swift */; };
		0449E92C2819874100331013 /* Main.storyboard in Resources */ = {isa = PBXBuildFile; fileRef = 0449E92A2819874100331013 /* Main.storyboard */; };
		0449E92E2819874200331013 /* Assets.xcassets in Resources */ = {isa = PBXBuildFile; fileRef = 0449E92D2819874200331013 /* Assets.xcassets */; };
		0449E9312819874200331013 /* LaunchScreen.storyboard in Resources */ = {isa = PBXBuildFile; fileRef = 0449E92F2819874200331013 /* LaunchScreen.storyboard */; };
		0449E93C281BEA1F00331013 /* Ark Patrol feat. Veronika Redd - Let Go.mp3 in Resources */ = {isa = PBXBuildFile; fileRef = 0449E93A281BEA1F00331013 /* Ark Patrol feat. Veronika Redd - Let Go.mp3 */; };
		0449E93D281BEA1F00331013 /* awfultune - I Met Sarah in the Bathroom.mp3 in Resources */ = {isa = PBXBuildFile; fileRef = 0449E93B281BEA1F00331013 /* awfultune - I Met Sarah in the Bathroom.mp3 */; };
/* End PBXBuildFile section */

/* Begin PBXFileReference section */
		0449E9212819874100331013 /* CrossfadeApp.app */ = {isa = PBXFileReference; explicitFileType = wrapper.application; includeInIndex = 0; path = CrossfadeApp.app; sourceTree = BUILT_PRODUCTS_DIR; };
		0449E9242819874100331013 /* AppDelegate.swift */ = {isa = PBXFileReference; lastKnownFileType = sourcecode.swift; path = AppDelegate.swift; sourceTree = "<group>"; };
		0449E9262819874100331013 /* SceneDelegate.swift */ = {isa = PBXFileReference; lastKnownFileType = sourcecode.swift; path = SceneDelegate.swift; sourceTree = "<group>"; };
		0449E9282819874100331013 /* ViewController.swift */ = {isa = PBXFileReference; lastKnownFileType = sourcecode.swift; path = ViewController.swift; sourceTree = "<group>"; };
		0449E92B2819874100331013 /* Base */ = {isa = PBXFileReference; lastKnownFileType = file.storyboard; name = Base; path = Base.lproj/Main.storyboard; sourceTree = "<group>"; };
		0449E92D2819874200331013 /* Assets.xcassets */ = {isa = PBXFileReference; lastKnownFileType = folder.assetcatalog; path = Assets.xcassets; sourceTree = "<group>"; };
		0449E9302819874200331013 /* Base */ = {isa = PBXFileReference; lastKnownFileType = file.storyboard; name = Base; path = Base.lproj/LaunchScreen.storyboard; sourceTree = "<group>"; };
		0449E9322819874200331013 /* Info.plist */ = {isa = PBXFileReference; lastKnownFileType = text.plist.xml; path = Info.plist; sourceTree = "<group>"; };
		0449E93A281BEA1F00331013 /* Ark Patrol feat. Veronika Redd - Let Go.mp3 */ = {isa = PBXFileReference; lastKnownFileType = audio.mp3; path = "Ark Patrol feat. Veronika Redd - Let Go.mp3"; sourceTree = "<group>"; };
		0449E93B281BEA1F00331013 /* awfultune - I Met Sarah in the Bathroom.mp3 */ = {isa = PBXFileReference; lastKnownFileType = audio.mp3; path = "awfultune - I Met Sarah in the Bathroom.mp3"; sourceTree = "<group>"; };
/* End PBXFileReference section */

/* Begin PBXFrameworksBuildPhase section */
		0449E91E2819874100331013 /* Frameworks */ = {
			isa = PBXFrameworksBuildPhase;
			buildActionMask = 2147483647;
			files = (
			);
			runOnlyForDeploymentPostprocessing = 0;
		};
/* End PBXFrameworksBuildPhase section */

/* Begin PBXGroup section */
		0449E9182819874100331013 = {
			isa = PBXGroup;
			children = (
				0449E9232819874100331013 /* CrossfadeApp */,
				0449E9222819874100331013 /* Products */,
			);
			sourceTree = "<group>";
		};
		0449E9222819874100331013 /* Products */ = {
			isa = PBXGroup;
			children = (
				0449E9212819874100331013 /* CrossfadeApp.app */,
			);
			name = Products;
			sourceTree = "<group>";
		};
		0449E9232819874100331013 /* CrossfadeApp */ = {
			isa = PBXGroup;
			children = (
				0449E9242819874100331013 /* AppDelegate.swift */,
				0449E9262819874100331013 /* SceneDelegate.swift */,
				0449E9282819874100331013 /* ViewController.swift */,
				0449E92A2819874100331013 /* Main.storyboard */,
				0449E93A281BEA1F00331013 /* Ark Patrol feat. Veronika Redd - Let Go.mp3 */,
				0449E93B281BEA1F00331013 /* awfultune - I Met Sarah in the Bathroom.mp3 */,
				0449E92D2819874200331013 /* Assets.xcassets */,
				0449E92F2819874200331013 /* LaunchScreen.storyboard */,
				0449E9322819874200331013 /* Info.plist */,
			);
			path = CrossfadeApp;
			sourceTree = "<group>";
		};
/* End PBXGroup section */

/* Begin PBXNativeTarget section */
		0449E9202819874100331013 /* CrossfadeApp */ = {
			isa = PBXNativeTarget;
			buildConfigurationList = 0449E9352819874200331013 /* Build configuration list for PBXNativeTarget "CrossfadeApp" */;
			buildPhases = (
				0449E91D2819874100331013 /* Sources */,
				0449E91E2819874100331013 /* Frameworks */,
				0449E91F2819874100331013 /* Resources */,
			);
			buildRules = (
			);
			dependencies = (
			);
			name = CrossfadeApp;
			productName = CrossfadeApp;
			productReference = 0449E9212819874100331013 /* CrossfadeApp.app */;
			productType = "com.apple.product-type.application";
		};
/* End PBXNativeTarget section */

/* Begin PBXProject section */
		0449E9192819874100331013 /* Project object */ = {
			isa = PBXProject;
			attributes = {
				BuildIndependentTargetsInParallel = 1;
				LastSwiftUpdateCheck = 1320;
				LastUpgradeCheck = 1320;
				TargetAttributes = {
					0449E9202819874100331013 = {
						CreatedOnToolsVersion = 13.2.1;
					};
				};
			};
			buildConfigurationList = 0449E91C2819874100331013 /* Build configuration list for PBXProject "CrossfadeApp" */;
			compatibilityVersion = "Xcode 13.0";
			developmentRegion = en;
			hasScannedForEncodings = 0;
			knownRegions = (
				en,
				Base,
			);
			mainGroup = 0449E9182819874100331013;
			productRefGroup = 0449E9222819874100331013 /* Products */;
			projectDirPath = "";
			projectRoot = "";
			targets = (
				0449E9202819874100331013 /* CrossfadeApp */,
			);
		};
/* End PBXProject section */

/* Begin PBXResourcesBuildPhase section */
		0449E91F2819874100331013 /* Resources */ = {
			isa = PBXResourcesBuildPhase;
			buildActionMask = 2147483647;
			files = (
				0449E9312819874200331013 /* LaunchScreen.storyboard in Resources */,
				0449E93C281BEA1F00331013 /* Ark Patrol feat. Veronika Redd - Let Go.mp3 in Resources */,
				0449E93D281BEA1F00331013 /* awfultune - I Met Sarah in the Bathroom.mp3 in Resources */,
				0449E92E2819874200331013 /* Assets.xcassets in Resources */,
				0449E92C2819874100331013 /* Main.storyboard in Resources */,
			);
			runOnlyForDeploymentPostprocessing = 0;
		};
/* End PBXResourcesBuildPhase section */

/* Begin PBXSourcesBuildPhase section */
		0449E91D2819874100331013 /* Sources */ = {
			isa = PBXSourcesBuildPhase;
			buildActionMask = 2147483647;
			files = (
				0449E9292819874100331013 /* ViewController.swift in Sources */,
				0449E9252819874100331013 /* AppDelegate.swift in Sources */,
				0449E9272819874100331013 /* SceneDelegate.swift in Sources */,
			);
			runOnlyForDeploymentPostprocessing = 0;
		};
/* End PBXSourcesBuildPhase section */

/* Begin PBXVariantGroup section */
		0449E92A2819874100331013 /* Main.storyboard */ = {
			isa = PBXVariantGroup;
			children = (
				0449E92B2819874100331013 /* Base */,
			);
			name = Main.storyboard;
			sourceTree = "<group>";
		};
		0449E92F2819874200331013 /* LaunchScreen.storyboard */ = {
			isa = PBXVariantGroup;
			children = (
				0449E9302819874200331013 /* Base */,
			);
			name = LaunchScreen.storyboard;
			sourceTree = "<group>";
		};
/* End PBXVariantGroup section */

/* Begin XCBuildConfiguration section */
		0449E9332819874200331013 /* Debug */ = {
			isa = XCBuildConfiguration;
			buildSettings = {
				ALWAYS_SEARCH_USER_PATHS = NO;
				CLANG_ANALYZER_NONNULL = YES;
				CLANG_ANALYZER_NUMBER_OBJECT_CONVERSION = YES_AGGRESSIVE;
				CLANG_CXX_LANGUAGE_STANDARD = "gnu++17";
				CLANG_CXX_LIBRARY = "libc++";
				CLANG_ENABLE_MODULES = YES;
				CLANG_ENABLE_OBJC_ARC = YES;
				CLANG_ENABLE_OBJC_WEAK = YES;
				CLANG_WARN_BLOCK_CAPTURE_AUTORELEASING = YES;
				CLANG_WARN_BOOL_CONVERSION = YES;
				CLANG_WARN_COMMA = YES;
				CLANG_WARN_CONSTANT_CONVERSION = YES;
				CLANG_WARN_DEPRECATED_OBJC_IMPLEMENTATIONS = YES;
				CLANG_WARN_DIRECT_OBJC_ISA_USAGE = YES_ERROR;
				CLANG_WARN_DOCUMENTATION_COMMENTS = YES;
				CLANG_WARN_EMPTY_BODY = YES;
				CLANG_WARN_ENUM_CONVERSION = YES;
				CLANG_WARN_INFINITE_RECURSION = YES;
				CLANG_WARN_INT_CONVERSION = YES;
				CLANG_WARN_NON_LITERAL_NULL_CONVERSION = YES;
				CLANG_WARN_OBJC_IMPLICIT_RETAIN_SELF = YES;
				CLANG_WARN_OBJC_LITERAL_CONVERSION = YES;
				CLANG_WARN_OBJC_ROOT_CLASS = YES_ERROR;
				CLANG_WARN_QUOTED_INCLUDE_IN_FRAMEWORK_HEADER = YES;
				CLANG_WARN_RANGE_LOOP_ANALYSIS = YES;
				CLANG_WARN_STRICT_PROTOTYPES = YES;
				CLANG_WARN_SUSPICIOUS_MOVE = YES;
				CLANG_WARN_UNGUARDED_AVAILABILITY = YES_AGGRESSIVE;
				CLANG_WARN_UNREACHABLE_CODE = YES;
				CLANG_WARN__DUPLICATE_METHOD_MATCH = YES;
				COPY_PHASE_STRIP = NO;
				DEBUG_INFORMATION_FORMAT = dwarf;
				ENABLE_STRICT_OBJC_MSGSEND = YES;
				ENABLE_TESTABILITY = YES;
				GCC_C_LANGUAGE_STANDARD = gnu11;
				GCC_DYNAMIC_NO_PIC = NO;
				GCC_NO_COMMON_BLOCKS = YES;
				GCC_OPTIMIZATION_LEVEL = 0;
				GCC_PREPROCESSOR_DEFINITIONS = (
					"DEBUG=1",
					"$(inherited)",
				);
				GCC_WARN_64_TO_32_BIT_CONVERSION = YES;
				GCC_WARN_ABOUT_RETURN_TYPE = YES_ERROR;
				GCC_WARN_UNDECLARED_SELECTOR = YES;
				GCC_WARN_UNINITIALIZED_AUTOS = YES_AGGRESSIVE;
				GCC_WARN_UNUSED_FUNCTION = YES;
				GCC_WARN_UNUSED_VARIABLE = YES;
				IPHONEOS_DEPLOYMENT_TARGET = 15.2;
				MTL_ENABLE_DEBUG_INFO = INCLUDE_SOURCE;
				MTL_FAST_MATH = YES;
				ONLY_ACTIVE_ARCH = YES;
				SDKROOT = iphoneos;
				SWIFT_ACTIVE_COMPILATION_CONDITIONS = DEBUG;
				SWIFT_OPTIMIZATION_LEVEL = "-Onone";
			};
			name = Debug;
		};
		0449E9342819874200331013 /* Release */ = {
			isa = XCBuildConfiguration;
			buildSettings = {
				ALWAYS_SEARCH_USER_PATHS = NO;
				CLANG_ANALYZER_NONNULL = YES;
				CLANG_ANALYZER_NUMBER_OBJECT_CONVERSION = YES_AGGRESSIVE;
				CLANG_CXX_LANGUAGE_STANDARD = "gnu++17";
				CLANG_CXX_LIBRARY = "libc++";
				CLANG_ENABLE_MODULES = YES;
				CLANG_ENABLE_OBJC_ARC = YES;
				CLANG_ENABLE_OBJC_WEAK = YES;
				CLANG_WARN_BLOCK_CAPTURE_AUTORELEASING = YES;
				CLANG_WARN_BOOL_CONVERSION = YES;
				CLANG_WARN_COMMA = YES;
				CLANG_WARN_CONSTANT_CONVERSION = YES;
				CLANG_WARN_DEPRECATED_OBJC_IMPLEMENTATIONS = YES;
				CLANG_WARN_DIRECT_OBJC_ISA_USAGE = YES_ERROR;
				CLANG_WARN_DOCUMENTATION_COMMENTS = YES;
				CLANG_WARN_EMPTY_BODY = YES;
				CLANG_WARN_ENUM_CONVERSION = YES;
				CLANG_WARN_INFINITE_RECURSION = YES;
				CLANG_WARN_INT_CONVERSION = YES;
				CLANG_WARN_NON_LITERAL_NULL_CONVERSION = YES;
				CLANG_WARN_OBJC_IMPLICIT_RETAIN_SELF = YES;
				CLANG_WARN_OBJC_LITERAL_CONVERSION = YES;
				CLANG_WARN_OBJC_ROOT_CLASS = YES_ERROR;
				CLANG_WARN_QUOTED_INCLUDE_IN_FRAMEWORK_HEADER = YES;
				CLANG_WARN_RANGE_LOOP_ANALYSIS = YES;
				CLANG_WARN_STRICT_PROTOTYPES = YES;
				CLANG_WARN_SUSPICIOUS_MOVE = YES;
				CLANG_WARN_UNGUARDED_AVAILABILITY = YES_AGGRESSIVE;
				CLANG_WARN_UNREACHABLE_CODE = YES;
				CLANG_WARN__DUPLICATE_METHOD_MATCH = YES;
				COPY_PHASE_STRIP = NO;
				DEBUG_INFORMATION_FORMAT = "dwarf-with-dsym";
				ENABLE_NS_ASSERTIONS = NO;
				ENABLE_STRICT_OBJC_MSGSEND = YES;
				GCC_C_LANGUAGE_STANDARD = gnu11;
				GCC_NO_COMMON_BLOCKS = YES;
				GCC_WARN_64_TO_32_BIT_CONVERSION = YES;
				GCC_WARN_ABOUT_RETURN_TYPE = YES_ERROR;
				GCC_WARN_UNDECLARED_SELECTOR = YES;
				GCC_WARN_UNINITIALIZED_AUTOS = YES_AGGRESSIVE;
				GCC_WARN_UNUSED_FUNCTION = YES;
				GCC_WARN_UNUSED_VARIABLE = YES;
				IPHONEOS_DEPLOYMENT_TARGET = 15.2;
				MTL_ENABLE_DEBUG_INFO = NO;
				MTL_FAST_MATH = YES;
				SDKROOT = iphoneos;
				SWIFT_COMPILATION_MODE = wholemodule;
				SWIFT_OPTIMIZATION_LEVEL = "-O";
				VALIDATE_PRODUCT = YES;
			};
			name = Release;
		};
		0449E9362819874200331013 /* Debug */ = {
			isa = XCBuildConfiguration;
			buildSettings = {
				ASSETCATALOG_COMPILER_APPICON_NAME = AppIcon;
				ASSETCATALOG_COMPILER_GLOBAL_ACCENT_COLOR_NAME = AccentColor;
				CODE_SIGN_STYLE = Automatic;
				CURRENT_PROJECT_VERSION = 1;
				DEVELOPMENT_TEAM = G2C88WTJJ2;
				GENERATE_INFOPLIST_FILE = YES;
				INFOPLIST_FILE = CrossfadeApp/Info.plist;
				INFOPLIST_KEY_UIApplicationSupportsIndirectInputEvents = YES;
				INFOPLIST_KEY_UILaunchStoryboardName = LaunchScreen;
				INFOPLIST_KEY_UIMainStoryboardFile = Main;
				INFOPLIST_KEY_UISupportedInterfaceOrientations_iPad = "UIInterfaceOrientationPortrait UIInterfaceOrientationPortraitUpsideDown UIInterfaceOrientationLandscapeLeft UIInterfaceOrientationLandscapeRight";
				INFOPLIST_KEY_UISupportedInterfaceOrientations_iPhone = "UIInterfaceOrientationPortrait UIInterfaceOrientationLandscapeLeft UIInterfaceOrientationLandscapeRight";
				LD_RUNPATH_SEARCH_PATHS = (
					"$(inherited)",
					"@executable_path/Frameworks",
				);
				MARKETING_VERSION = 1.0;
				PRODUCT_BUNDLE_IDENTIFIER = MyOrganization.CrossfadeApp;
				PRODUCT_NAME = "$(TARGET_NAME)";
				SWIFT_EMIT_LOC_STRINGS = YES;
				SWIFT_VERSION = 5.0;
				TARGETED_DEVICE_FAMILY = "1,2";
			};
			name = Debug;
		};
		0449E9372819874200331013 /* Release */ = {
			isa = XCBuildConfiguration;
			buildSettings = {
				ASSETCATALOG_COMPILER_APPICON_NAME = AppIcon;
				ASSETCATALOG_COMPILER_GLOBAL_ACCENT_COLOR_NAME = AccentColor;
				CODE_SIGN_STYLE = Automatic;
				CURRENT_PROJECT_VERSION = 1;
				DEVELOPMENT_TEAM = G2C88WTJJ2;
				GENERATE_INFOPLIST_FILE = YES;
				INFOPLIST_FILE = CrossfadeApp/Info.plist;
				INFOPLIST_KEY_UIApplicationSupportsIndirectInputEvents = YES;
				INFOPLIST_KEY_UILaunchStoryboardName = LaunchScreen;
				INFOPLIST_KEY_UIMainStoryboardFile = Main;
				INFOPLIST_KEY_UISupportedInterfaceOrientations_iPad = "UIInterfaceOrientationPortrait UIInterfaceOrientationPortraitUpsideDown UIInterfaceOrientationLandscapeLeft UIInterfaceOrientationLandscapeRight";
				INFOPLIST_KEY_UISupportedInterfaceOrientations_iPhone = "UIInterfaceOrientationPortrait UIInterfaceOrientationLandscapeLeft UIInterfaceOrientationLandscapeRight";
				LD_RUNPATH_SEARCH_PATHS = (
					"$(inherited)",
					"@executable_path/Frameworks",
				);
				MARKETING_VERSION = 1.0;
				PRODUCT_BUNDLE_IDENTIFIER = MyOrganization.CrossfadeApp;
				PRODUCT_NAME = "$(TARGET_NAME)";
				SWIFT_EMIT_LOC_STRINGS = YES;
				SWIFT_VERSION = 5.0;
				TARGETED_DEVICE_FAMILY = "1,2";
			};
			name = Release;
		};
/* End XCBuildConfiguration section */

/* Begin XCConfigurationList section */
		0449E91C2819874100331013 /* Build configuration list for PBXProject "CrossfadeApp" */ = {
			isa = XCConfigurationList;
			buildConfigurations = (
				0449E9332819874200331013 /* Debug */,
				0449E9342819874200331013 /* Release */,
			);
			defaultConfigurationIsVisible = 0;
			defaultConfigurationName = Release;
		};
		0449E9352819874200331013 /* Build configuration list for PBXNativeTarget "CrossfadeApp" */ = {
			isa = XCConfigurationList;
			buildConfigurations = (
				0449E9362819874200331013 /* Debug */,
				0449E9372819874200331013 /* Release */,
			);
			defaultConfigurationIsVisible = 0;
			defaultConfigurationName = Release;
		};
/* End XCConfigurationList section */
	};
	rootObject = 0449E9192819874100331013 /* Project object */;
}
